
Microsoft Visual Studio Solution File, Format Version 12.00
# Visual Studio Version 17
VisualStudioVersion = 17.0.31903.59
MinimumVisualStudioVersion = 10.0.40219.1
Project("{2150E333-8FDC-42A3-9474-1A3956D46DE8}") = "src", "src", "{37DA8CF7-1DA2-4FA8-A467-95844C549903}"
EndProject
Project("{FAE04EC0-301F-11D3-BF4B-00C04F79EFBC}") = "Common", "src\Common\Common.csproj", "{6F7F4CBF-7971-4D3D-AB0D-5312EAE6283A}"
EndProject
Project("{FAE04EC0-301F-11D3-BF4B-00C04F79EFBC}") = "Gateway", "src\Gateway\Gateway.csproj", "{824626E4-D659-412F-8AE2-1F44C1AB8C13}"
EndProject
Project("{FAE04EC0-301F-11D3-BF4B-00C04F79EFBC}") = "Identity", "src\Identity\Identity.csproj", "{D5494700-F96B-4956-AE61-0F298B4978AD}"
EndProject
Project("{2150E333-8FDC-42A3-9474-1A3956D46DE8}") = "test", "test", "{EAE393CF-88EA-4AAF-B578-7A7551236241}"
EndProject
Project("{FAE04EC0-301F-11D3-BF4B-00C04F79EFBC}") = "Identity.Tests", "test\Identity.Tests\Identity.Tests.csproj", "{BDE291FF-B988-4162-9995-722EAEA17BAC}"
EndProject
Global
	GlobalSection(SolutionConfigurationPlatforms) = preSolution
		Debug|Any CPU = Debug|Any CPU
		Release|Any CPU = Release|Any CPU
	EndGlobalSection
	GlobalSection(SolutionProperties) = preSolution
		HideSolutionNode = FALSE
	EndGlobalSection
	GlobalSection(ProjectConfigurationPlatforms) = postSolution
		{6F7F4CBF-7971-4D3D-AB0D-5312EAE6283A}.Debug|Any CPU.ActiveCfg = Debug|Any CPU
		{6F7F4CBF-7971-4D3D-AB0D-5312EAE6283A}.Debug|Any CPU.Build.0 = Debug|Any CPU
		{6F7F4CBF-7971-4D3D-AB0D-5312EAE6283A}.Release|Any CPU.ActiveCfg = Release|Any CPU
		{6F7F4CBF-7971-4D3D-AB0D-5312EAE6283A}.Release|Any CPU.Build.0 = Release|Any CPU
		{824626E4-D659-412F-8AE2-1F44C1AB8C13}.Debug|Any CPU.ActiveCfg = Debug|Any CPU
		{824626E4-D659-412F-8AE2-1F44C1AB8C13}.Debug|Any CPU.Build.0 = Debug|Any CPU
		{824626E4-D659-412F-8AE2-1F44C1AB8C13}.Release|Any CPU.ActiveCfg = Release|Any CPU
		{824626E4-D659-412F-8AE2-1F44C1AB8C13}.Release|Any CPU.Build.0 = Release|Any CPU
		{D5494700-F96B-4956-AE61-0F298B4978AD}.Debug|Any CPU.ActiveCfg = Debug|Any CPU
		{D5494700-F96B-4956-AE61-0F298B4978AD}.Debug|Any CPU.Build.0 = Debug|Any CPU
		{D5494700-F96B-4956-AE61-0F298B4978AD}.Release|Any CPU.ActiveCfg = Release|Any CPU
		{D5494700-F96B-4956-AE61-0F298B4978AD}.Release|Any CPU.Build.0 = Release|Any CPU
		{BDE291FF-B988-4162-9995-722EAEA17BAC}.Debug|Any CPU.ActiveCfg = Debug|Any CPU
		{BDE291FF-B988-4162-9995-722EAEA17BAC}.Debug|Any CPU.Build.0 = Debug|Any CPU
		{BDE291FF-B988-4162-9995-722EAEA17BAC}.Release|Any CPU.ActiveCfg = Release|Any CPU
		{BDE291FF-B988-4162-9995-722EAEA17BAC}.Release|Any CPU.Build.0 = Release|Any CPU
	EndGlobalSection
	GlobalSection(NestedProjects) = preSolution
		{6F7F4CBF-7971-4D3D-AB0D-5312EAE6283A} = {37DA8CF7-1DA2-4FA8-A467-95844C549903}
		{824626E4-D659-412F-8AE2-1F44C1AB8C13} = {37DA8CF7-1DA2-4FA8-A467-95844C549903}
		{D5494700-F96B-4956-AE61-0F298B4978AD} = {37DA8CF7-1DA2-4FA8-A467-95844C549903}
		{BDE291FF-B988-4162-9995-722EAEA17BAC} = {EAE393CF-88EA-4AAF-B578-7A7551236241}
	EndGlobalSection
EndGlobal
