
Microsoft Visual Studio Solution File, Format Version 12.00
# Visual Studio Version 17
VisualStudioVersion = 17.0.31903.59
MinimumVisualStudioVersion = 10.0.40219.1
Project("{2150E333-8FDC-42A3-9474-1A3956D46DE8}") = "src", "src", "{29FEA239-D305-4615-986A-734BDB27E498}"
EndProject
Project("{FAE04EC0-301F-11D3-BF4B-00C04F79EFBC}") = "Common", "src\Common\Common.csproj", "{359C8B81-ED30-47CB-8B95-66E697190293}"
EndProject
Project("{FAE04EC0-301F-11D3-BF4B-00C04F79EFBC}") = "Gateway", "src\Gateway\Gateway.csproj", "{4D4A71BE-ED7B-4221-BAEE-494838B7F535}"
EndProject
Project("{FAE04EC0-301F-11D3-BF4B-00C04F79EFBC}") = "Identity", "src\Identity\Identity.csproj", "{F4287F2A-DFD7-47A3-9813-D0135F2E1594}"
EndProject
Global
	GlobalSection(SolutionConfigurationPlatforms) = preSolution
		Debug|Any CPU = Debug|Any CPU
		Release|Any CPU = Release|Any CPU
	EndGlobalSection
	GlobalSection(SolutionProperties) = preSolution
		HideSolutionNode = FALSE
	EndGlobalSection
	GlobalSection(ProjectConfigurationPlatforms) = postSolution
		{359C8B81-ED30-47CB-8B95-66E697190293}.Debug|Any CPU.ActiveCfg = Debug|Any CPU
		{359C8B81-ED30-47CB-8B95-66E697190293}.Debug|Any CPU.Build.0 = Debug|Any CPU
		{359C8B81-ED30-47CB-8B95-66E697190293}.Release|Any CPU.ActiveCfg = Release|Any CPU
		{359C8B81-ED30-47CB-8B95-66E697190293}.Release|Any CPU.Build.0 = Release|Any CPU
		{4D4A71BE-ED7B-4221-BAEE-494838B7F535}.Debug|Any CPU.ActiveCfg = Debug|Any CPU
		{4D4A71BE-ED7B-4221-BAEE-494838B7F535}.Debug|Any CPU.Build.0 = Debug|Any CPU
		{4D4A71BE-ED7B-4221-BAEE-494838B7F535}.Release|Any CPU.ActiveCfg = Release|Any CPU
		{4D4A71BE-ED7B-4221-BAEE-494838B7F535}.Release|Any CPU.Build.0 = Release|Any CPU
		{F4287F2A-DFD7-47A3-9813-D0135F2E1594}.Debug|Any CPU.ActiveCfg = Debug|Any CPU
		{F4287F2A-DFD7-47A3-9813-D0135F2E1594}.Debug|Any CPU.Build.0 = Debug|Any CPU
		{F4287F2A-DFD7-47A3-9813-D0135F2E1594}.Release|Any CPU.ActiveCfg = Release|Any CPU
		{F4287F2A-DFD7-47A3-9813-D0135F2E1594}.Release|Any CPU.Build.0 = Release|Any CPU
	EndGlobalSection
	GlobalSection(NestedProjects) = preSolution
		{359C8B81-ED30-47CB-8B95-66E697190293} = {29FEA239-D305-4615-986A-734BDB27E498}
		{4D4A71BE-ED7B-4221-BAEE-494838B7F535} = {29FEA239-D305-4615-986A-734BDB27E498}
		{F4287F2A-DFD7-47A3-9813-D0135F2E1594} = {29FEA239-D305-4615-986A-734BDB27E498}
	EndGlobalSection
EndGlobal
