Microsoft Visual Studio Solution File, Format Version 12.00
# Visual Studio Version 16
VisualStudioVersion = 16.0.29728.190
MinimumVisualStudioVersion = 10.0.40219.1
Project("{2150E333-8FDC-42A3-9474-1A3956D46DE8}") = "src", "src", "{521A0116-B0A1-4344-9450-3AE2BF7314FB}"
EndProject
Project("{2150E333-8FDC-42A3-9474-1A3956D46DE8}") = "Services", "Services", "{520F193C-2FCF-423D-8508-D5F119D82BD1}"
EndProject
Project("{FAE04EC0-301F-11D3-BF4B-00C04F79EFBC}") = "Identity", "src\Services\Identity\Identity.csproj", "{EDF84092-7492-4AF5-97D8-3D7323AD46FF}"
EndProject
Global
	GlobalSection(SolutionConfigurationPlatforms) = preSolution
		Debug|Any CPU = Debug|Any CPU
		Debug|x64 = Debug|x64
		Debug|x86 = Debug|x86
		Release|Any CPU = Release|Any CPU
		Release|x64 = Release|x64
		Release|x86 = Release|x86
	EndGlobalSection
	GlobalSection(ProjectConfigurationPlatforms) = postSolution
		{EDF84092-7492-4AF5-97D8-3D7323AD46FF}.Debug|Any CPU.ActiveCfg = Debug|Any CPU
		{EDF84092-7492-4AF5-97D8-3D7323AD46FF}.Debug|Any CPU.Build.0 = Debug|Any CPU
		{EDF84092-7492-4AF5-97D8-3D7323AD46FF}.Debug|x64.ActiveCfg = Debug|Any CPU
		{EDF84092-7492-4AF5-97D8-3D7323AD46FF}.Debug|x64.Build.0 = Debug|Any CPU
		{EDF84092-7492-4AF5-97D8-3D7323AD46FF}.Debug|x86.ActiveCfg = Debug|Any CPU
		{EDF84092-7492-4AF5-97D8-3D7323AD46FF}.Debug|x86.Build.0 = Debug|Any CPU
		{EDF84092-7492-4AF5-97D8-3D7323AD46FF}.Release|Any CPU.ActiveCfg = Release|Any CPU
		{EDF84092-7492-4AF5-97D8-3D7323AD46FF}.Release|Any CPU.Build.0 = Release|Any CPU
		{EDF84092-7492-4AF5-97D8-3D7323AD46FF}.Release|x64.ActiveCfg = Release|Any CPU
		{EDF84092-7492-4AF5-97D8-3D7323AD46FF}.Release|x64.Build.0 = Release|Any CPU
		{EDF84092-7492-4AF5-97D8-3D7323AD46FF}.Release|x86.ActiveCfg = Release|Any CPU
		{EDF84092-7492-4AF5-97D8-3D7323AD46FF}.Release|x86.Build.0 = Release|Any CPU
	EndGlobalSection
	GlobalSection(NestedProjects) = preSolution
		{520F193C-2FCF-423D-8508-D5F119D82BD1} = {521A0116-B0A1-4344-9450-3AE2BF7314FB}
		{EDF84092-7492-4AF5-97D8-3D7323AD46FF} = {520F193C-2FCF-423D-8508-D5F119D82BD1}
	EndGlobalSection
EndGlobal
