Microsoft Visual Studio Solution File, Format Version 12.00
# Visual Studio Version 17
VisualStudioVersion = 17.5.2.0
MinimumVisualStudioVersion = 10.0.40219.1
Project("{FAE04EC0-301F-11D3-BF4B-00C04F79EFBC}") = "Common", "Common.csproj", "{D4EC16C1-2783-B8C2-DF25-98E0F82C02C4}"
EndProject
Global
	GlobalSection(SolutionConfigurationPlatforms) = preSolution
		Debug|Any CPU = Debug|Any CPU
		Release|Any CPU = Release|Any CPU
	EndGlobalSection
	GlobalSection(ProjectConfigurationPlatforms) = postSolution
		{D4EC16C1-2783-B8C2-DF25-98E0F82C02C4}.Debug|Any CPU.ActiveCfg = Debug|Any CPU
		{D4EC16C1-2783-B8C2-DF25-98E0F82C02C4}.Debug|Any CPU.Build.0 = Debug|Any CPU
		{D4EC16C1-2783-B8C2-DF25-98E0F82C02C4}.Release|Any CPU.ActiveCfg = Release|Any CPU
		{D4EC16C1-2783-B8C2-DF25-98E0F82C02C4}.Release|Any CPU.Build.0 = Release|Any CPU
	EndGlobalSection
	GlobalSection(SolutionProperties) = preSolution
		HideSolutionNode = FALSE
	EndGlobalSection
	GlobalSection(ExtensibilityGlobals) = postSolution
		SolutionGuid = {BDA8C293-198D-4414-958C-08E8F48B874C}
	EndGlobalSection
EndGlobal
